
Microsoft Visual Studio Solution File, Format Version 12.00
# Visual Studio 14
VisualStudioVersion = 14.0.23107.0
MinimumVisualStudioVersion = 10.0.40219.1
Project("{FAE04EC0-301F-11D3-BF4B-00C04F79EFBC}") = "WebAPIApp", "WebAPIApp\WebAPIApp.csproj", "{C59477D9-A982-4511-B092-D399AE07D6A7}"
EndProject
Project("{FAE04EC0-301F-11D3-BF4B-00C04F79EFBC}") = "MVC5App", "MVC5App\MVC5App.csproj", "{5A55F365-4151-49DA-95E3-85083B445F5C}"
EndProject
Project("{FAE04EC0-301F-11D3-BF4B-00C04F79EFBC}") = "MVC5App.UnitTest", "MVC5App.UnitTest\MVC5App.UnitTest.csproj", "{41C80235-F639-4DE7-8AF5-54F8C4C5EB4C}"
EndProject
Global
	GlobalSection(SolutionConfigurationPlatforms) = preSolution
		Debug|Any CPU = Debug|Any CPU
		Release|Any CPU = Release|Any CPU
	EndGlobalSection
	GlobalSection(ProjectConfigurationPlatforms) = postSolution
		{C59477D9-A982-4511-B092-D399AE07D6A7}.Debug|Any CPU.ActiveCfg = Debug|Any CPU
		{C59477D9-A982-4511-B092-D399AE07D6A7}.Debug|Any CPU.Build.0 = Debug|Any CPU
		{C59477D9-A982-4511-B092-D399AE07D6A7}.Release|Any CPU.ActiveCfg = Release|Any CPU
		{C59477D9-A982-4511-B092-D399AE07D6A7}.Release|Any CPU.Build.0 = Release|Any CPU
		{5A55F365-4151-49DA-95E3-85083B445F5C}.Debug|Any CPU.ActiveCfg = Debug|Any CPU
		{5A55F365-4151-49DA-95E3-85083B445F5C}.Debug|Any CPU.Build.0 = Debug|Any CPU
		{5A55F365-4151-49DA-95E3-85083B445F5C}.Release|Any CPU.ActiveCfg = Release|Any CPU
		{5A55F365-4151-49DA-95E3-85083B445F5C}.Release|Any CPU.Build.0 = Release|Any CPU
		{41C80235-F639-4DE7-8AF5-54F8C4C5EB4C}.Debug|Any CPU.ActiveCfg = Debug|Any CPU
		{41C80235-F639-4DE7-8AF5-54F8C4C5EB4C}.Debug|Any CPU.Build.0 = Debug|Any CPU
		{41C80235-F639-4DE7-8AF5-54F8C4C5EB4C}.Release|Any CPU.ActiveCfg = Release|Any CPU
		{41C80235-F639-4DE7-8AF5-54F8C4C5EB4C}.Release|Any CPU.Build.0 = Release|Any CPU
	EndGlobalSection
	GlobalSection(SolutionProperties) = preSolution
		HideSolutionNode = FALSE
	EndGlobalSection
EndGlobal
